
Microsoft Visual Studio Solution File, Format Version 12.00
# Visual Studio Version 16
VisualStudioVersion = 16.0.31129.286
MinimumVisualStudioVersion = 10.0.40219.1
Project("{9A19103F-16F7-4668-BE54-9A1E7A4F7556}") = "CB.Models", "CB.Models\CB.Models.csproj", "{F4FDD978-8A7D-43D6-B2F1-E4FCDFECE067}"
EndProject
Project("{9A19103F-16F7-4668-BE54-9A1E7A4F7556}") = "CB.Infrastructure", "CB.Services\CB.Infrastructure.csproj", "{CE17614C-2A83-4ED0-B8CB-CDA21C1B394E}"
EndProject
Project("{9A19103F-16F7-4668-BE54-9A1E7A4F7556}") = "CB.Data", "CB.Data\CB.Data.csproj", "{5C1241B8-1F03-480D-A075-7260D6757654}"
EndProject
Project("{9A19103F-16F7-4668-BE54-9A1E7A4F7556}") = "CB.API", "CB.API\CB.API.csproj", "{4E06DF32-353B-4952-ADDB-8AB16AFD81E6}"
EndProject
Project("{FAE04EC0-301F-11D3-BF4B-00C04F79EFBC}") = "CB.Web", "CB.Web\CB.Web.csproj", "{38806929-3415-421A-8FDD-8B8C4CF08D25}"
EndProject
Global
	GlobalSection(SolutionConfigurationPlatforms) = preSolution
		Debug|Any CPU = Debug|Any CPU
		Release|Any CPU = Release|Any CPU
	EndGlobalSection
	GlobalSection(ProjectConfigurationPlatforms) = postSolution
		{F4FDD978-8A7D-43D6-B2F1-E4FCDFECE067}.Debug|Any CPU.ActiveCfg = Debug|Any CPU
		{F4FDD978-8A7D-43D6-B2F1-E4FCDFECE067}.Debug|Any CPU.Build.0 = Debug|Any CPU
		{F4FDD978-8A7D-43D6-B2F1-E4FCDFECE067}.Release|Any CPU.ActiveCfg = Release|Any CPU
		{F4FDD978-8A7D-43D6-B2F1-E4FCDFECE067}.Release|Any CPU.Build.0 = Release|Any CPU
		{CE17614C-2A83-4ED0-B8CB-CDA21C1B394E}.Debug|Any CPU.ActiveCfg = Debug|Any CPU
		{CE17614C-2A83-4ED0-B8CB-CDA21C1B394E}.Debug|Any CPU.Build.0 = Debug|Any CPU
		{CE17614C-2A83-4ED0-B8CB-CDA21C1B394E}.Release|Any CPU.ActiveCfg = Release|Any CPU
		{CE17614C-2A83-4ED0-B8CB-CDA21C1B394E}.Release|Any CPU.Build.0 = Release|Any CPU
		{5C1241B8-1F03-480D-A075-7260D6757654}.Debug|Any CPU.ActiveCfg = Debug|Any CPU
		{5C1241B8-1F03-480D-A075-7260D6757654}.Debug|Any CPU.Build.0 = Debug|Any CPU
		{5C1241B8-1F03-480D-A075-7260D6757654}.Release|Any CPU.ActiveCfg = Release|Any CPU
		{5C1241B8-1F03-480D-A075-7260D6757654}.Release|Any CPU.Build.0 = Release|Any CPU
		{4E06DF32-353B-4952-ADDB-8AB16AFD81E6}.Debug|Any CPU.ActiveCfg = Debug|Any CPU
		{4E06DF32-353B-4952-ADDB-8AB16AFD81E6}.Debug|Any CPU.Build.0 = Debug|Any CPU
		{4E06DF32-353B-4952-ADDB-8AB16AFD81E6}.Release|Any CPU.ActiveCfg = Release|Any CPU
		{4E06DF32-353B-4952-ADDB-8AB16AFD81E6}.Release|Any CPU.Build.0 = Release|Any CPU
		{38806929-3415-421A-8FDD-8B8C4CF08D25}.Debug|Any CPU.ActiveCfg = Debug|Any CPU
		{38806929-3415-421A-8FDD-8B8C4CF08D25}.Debug|Any CPU.Build.0 = Debug|Any CPU
		{38806929-3415-421A-8FDD-8B8C4CF08D25}.Release|Any CPU.ActiveCfg = Release|Any CPU
		{38806929-3415-421A-8FDD-8B8C4CF08D25}.Release|Any CPU.Build.0 = Release|Any CPU
	EndGlobalSection
	GlobalSection(SolutionProperties) = preSolution
		HideSolutionNode = FALSE
	EndGlobalSection
	GlobalSection(ExtensibilityGlobals) = postSolution
		SolutionGuid = {7E9DDDC0-4E1C-4B20-B735-493A57F8E89C}
	EndGlobalSection
EndGlobal
